// !$*UTF8*$!
{
	archiveVersion = 1;
	classes = {
	};
	objectVersion = 48;
	objects = {

/* Begin PBXBuildFile section */
		7A9EC4602047BA460037C6BE /* AppDelegate.swift in Sources */ = {isa = PBXBuildFile; fileRef = 7A9EC45F2047BA460037C6BE /* AppDelegate.swift */; };
		7A9EC4652047BA460037C6BE /* Main.storyboard in Resources */ = {isa = PBXBuildFile; fileRef = 7A9EC4632047BA460037C6BE /* Main.storyboard */; };
		7A9EC4672047BA460037C6BE /* Assets.xcassets in Resources */ = {isa = PBXBuildFile; fileRef = 7A9EC4662047BA460037C6BE /* Assets.xcassets */; };
		7A9EC46A2047BA460037C6BE /* LaunchScreen.storyboard in Resources */ = {isa = PBXBuildFile; fileRef = 7A9EC4682047BA460037C6BE /* LaunchScreen.storyboard */; };
		7A9EC48E2047BCB30037C6BE /* GoogleService-Info.plist in Resources */ = {isa = PBXBuildFile; fileRef = 7A9EC48D2047BCB30037C6BE /* GoogleService-Info.plist */; };
		7A9EC4902047C6DE0037C6BE /* FirebaseDataService.swift in Sources */ = {isa = PBXBuildFile; fileRef = 7A9EC48F2047C6DE0037C6BE /* FirebaseDataService.swift */; };
		7A9EC4922047CABB0037C6BE /* Model.swift in Sources */ = {isa = PBXBuildFile; fileRef = 7A9EC4912047CABB0037C6BE /* Model.swift */; };
		7A9EC4942047CC320037C6BE /* SignInViewController.swift in Sources */ = {isa = PBXBuildFile; fileRef = 7A9EC4932047CC320037C6BE /* SignInViewController.swift */; };
		7A9EC4962047CE2A0037C6BE /* ChatGroupViewController.swift in Sources */ = {isa = PBXBuildFile; fileRef = 7A9EC4952047CE2A0037C6BE /* ChatGroupViewController.swift */; };
		7A9EC4982047D5DF0037C6BE /* UserListViewController.swift in Sources */ = {isa = PBXBuildFile; fileRef = 7A9EC4972047D5DF0037C6BE /* UserListViewController.swift */; };
		7A9EC49A2047D63D0037C6BE /* ChatRoomViewController.swift in Sources */ = {isa = PBXBuildFile; fileRef = 7A9EC4992047D63D0037C6BE /* ChatRoomViewController.swift */; };
		7A9EC49C2047E2020037C6BE /* ViewController.swift in Sources */ = {isa = PBXBuildFile; fileRef = 7A9EC49B2047E2020037C6BE /* ViewController.swift */; };
		7A9EC49E2047E64F0037C6BE /* ChatMessageCell.swift in Sources */ = {isa = PBXBuildFile; fileRef = 7A9EC49D2047E64F0037C6BE /* ChatMessageCell.swift */; };
		9F48F553350BD3E63893C0CC /* Pods_FirebasePratice.framework in Frameworks */ = {isa = PBXBuildFile; fileRef = B08593A92A794F5F3C1D0D29 /* Pods_FirebasePratice.framework */; };
/* End PBXBuildFile section */

/* Begin PBXContainerItemProxy section */
		7A9EC4712047BA460037C6BE /* PBXContainerItemProxy */ = {
			isa = PBXContainerItemProxy;
			containerPortal = 7A9EC4542047BA460037C6BE /* Project object */;
			proxyType = 1;
			remoteGlobalIDString = 7A9EC45B2047BA460037C6BE;
			remoteInfo = FirebasePratice;
		};
		7A9EC47C2047BA460037C6BE /* PBXContainerItemProxy */ = {
			isa = PBXContainerItemProxy;
			containerPortal = 7A9EC4542047BA460037C6BE /* Project object */;
			proxyType = 1;
			remoteGlobalIDString = 7A9EC45B2047BA460037C6BE;
			remoteInfo = FirebasePratice;
		};
/* End PBXContainerItemProxy section */

/* Begin PBXFileReference section */
		7A9EC45C2047BA460037C6BE /* FirebasePratice.app */ = {isa = PBXFileReference; explicitFileType = wrapper.application; includeInIndex = 0; path = FirebasePratice.app; sourceTree = BUILT_PRODUCTS_DIR; };
		7A9EC45F2047BA460037C6BE /* AppDelegate.swift */ = {isa = PBXFileReference; lastKnownFileType = sourcecode.swift; path = AppDelegate.swift; sourceTree = "<group>"; };
		7A9EC4642047BA460037C6BE /* Base */ = {isa = PBXFileReference; lastKnownFileType = file.storyboard; name = Base; path = Base.lproj/Main.storyboard; sourceTree = "<group>"; };
		7A9EC4662047BA460037C6BE /* Assets.xcassets */ = {isa = PBXFileReference; lastKnownFileType = folder.assetcatalog; path = Assets.xcassets; sourceTree = "<group>"; };
		7A9EC4692047BA460037C6BE /* Base */ = {isa = PBXFileReference; lastKnownFileType = file.storyboard; name = Base; path = Base.lproj/LaunchScreen.storyboard; sourceTree = "<group>"; };
		7A9EC46B2047BA460037C6BE /* Info.plist */ = {isa = PBXFileReference; lastKnownFileType = text.plist.xml; path = Info.plist; sourceTree = "<group>"; };
		7A9EC4702047BA460037C6BE /* FirebasePraticeTests.xctest */ = {isa = PBXFileReference; explicitFileType = wrapper.cfbundle; includeInIndex = 0; path = FirebasePraticeTests.xctest; sourceTree = BUILT_PRODUCTS_DIR; };
		7A9EC47B2047BA460037C6BE /* FirebasePraticeUITests.xctest */ = {isa = PBXFileReference; explicitFileType = wrapper.cfbundle; includeInIndex = 0; path = FirebasePraticeUITests.xctest; sourceTree = BUILT_PRODUCTS_DIR; };
		7A9EC48D2047BCB30037C6BE /* GoogleService-Info.plist */ = {isa = PBXFileReference; fileEncoding = 4; lastKnownFileType = text.plist.xml; path = "GoogleService-Info.plist"; sourceTree = "<group>"; };
		7A9EC48F2047C6DE0037C6BE /* FirebaseDataService.swift */ = {isa = PBXFileReference; lastKnownFileType = sourcecode.swift; path = FirebaseDataService.swift; sourceTree = "<group>"; };
		7A9EC4912047CABB0037C6BE /* Model.swift */ = {isa = PBXFileReference; lastKnownFileType = sourcecode.swift; path = Model.swift; sourceTree = "<group>"; };
		7A9EC4932047CC320037C6BE /* SignInViewController.swift */ = {isa = PBXFileReference; lastKnownFileType = sourcecode.swift; path = SignInViewController.swift; sourceTree = "<group>"; };
		7A9EC4952047CE2A0037C6BE /* ChatGroupViewController.swift */ = {isa = PBXFileReference; lastKnownFileType = sourcecode.swift; path = ChatGroupViewController.swift; sourceTree = "<group>"; };
		7A9EC4972047D5DF0037C6BE /* UserListViewController.swift */ = {isa = PBXFileReference; lastKnownFileType = sourcecode.swift; path = UserListViewController.swift; sourceTree = "<group>"; };
		7A9EC4992047D63D0037C6BE /* ChatRoomViewController.swift */ = {isa = PBXFileReference; lastKnownFileType = sourcecode.swift; path = ChatRoomViewController.swift; sourceTree = "<group>"; };
		7A9EC49B2047E2020037C6BE /* ViewController.swift */ = {isa = PBXFileReference; lastKnownFileType = sourcecode.swift; path = ViewController.swift; sourceTree = "<group>"; };
		7A9EC49D2047E64F0037C6BE /* ChatMessageCell.swift */ = {isa = PBXFileReference; fileEncoding = 4; lastKnownFileType = sourcecode.swift; path = ChatMessageCell.swift; sourceTree = "<group>"; };
		B08593A92A794F5F3C1D0D29 /* Pods_FirebasePratice.framework */ = {isa = PBXFileReference; explicitFileType = wrapper.framework; includeInIndex = 0; path = Pods_FirebasePratice.framework; sourceTree = BUILT_PRODUCTS_DIR; };
		CD8A7C1F7078068B4898F31D /* Pods-FirebasePratice.release.xcconfig */ = {isa = PBXFileReference; includeInIndex = 1; lastKnownFileType = text.xcconfig; name = "Pods-FirebasePratice.release.xcconfig"; path = "Pods/Target Support Files/Pods-FirebasePratice/Pods-FirebasePratice.release.xcconfig"; sourceTree = "<group>"; };
		D339D1261278E850E357C5DA /* Pods-FirebasePratice.debug.xcconfig */ = {isa = PBXFileReference; includeInIndex = 1; lastKnownFileType = text.xcconfig; name = "Pods-FirebasePratice.debug.xcconfig"; path = "Pods/Target Support Files/Pods-FirebasePratice/Pods-FirebasePratice.debug.xcconfig"; sourceTree = "<group>"; };
/* End PBXFileReference section */

/* Begin PBXFrameworksBuildPhase section */
		7A9EC4592047BA460037C6BE /* Frameworks */ = {
			isa = PBXFrameworksBuildPhase;
			buildActionMask = 2147483647;
			files = (
				9F48F553350BD3E63893C0CC /* Pods_FirebasePratice.framework in Frameworks */,
			);
			runOnlyForDeploymentPostprocessing = 0;
		};
		7A9EC46D2047BA460037C6BE /* Frameworks */ = {
			isa = PBXFrameworksBuildPhase;
			buildActionMask = 2147483647;
			files = (
			);
			runOnlyForDeploymentPostprocessing = 0;
		};
		7A9EC4782047BA460037C6BE /* Frameworks */ = {
			isa = PBXFrameworksBuildPhase;
			buildActionMask = 2147483647;
			files = (
			);
			runOnlyForDeploymentPostprocessing = 0;
		};
/* End PBXFrameworksBuildPhase section */

/* Begin PBXGroup section */
		19B196908AC47A7C6B4D0C7C /* Pods */ = {
			isa = PBXGroup;
			children = (
				D339D1261278E850E357C5DA /* Pods-FirebasePratice.debug.xcconfig */,
				CD8A7C1F7078068B4898F31D /* Pods-FirebasePratice.release.xcconfig */,
			);
			name = Pods;
			sourceTree = "<group>";
		};
		6754E9948DBB705753BD14F6 /* Frameworks */ = {
			isa = PBXGroup;
			children = (
				B08593A92A794F5F3C1D0D29 /* Pods_FirebasePratice.framework */,
			);
			name = Frameworks;
			sourceTree = "<group>";
		};
		7A9EC4532047BA460037C6BE = {
			isa = PBXGroup;
			children = (
				7A9EC45E2047BA460037C6BE /* FirebasePratice */,
				7A9EC45D2047BA460037C6BE /* Products */,
				19B196908AC47A7C6B4D0C7C /* Pods */,
				6754E9948DBB705753BD14F6 /* Frameworks */,
			);
			sourceTree = "<group>";
		};
		7A9EC45D2047BA460037C6BE /* Products */ = {
			isa = PBXGroup;
			children = (
				7A9EC45C2047BA460037C6BE /* FirebasePratice.app */,
				7A9EC4702047BA460037C6BE /* FirebasePraticeTests.xctest */,
				7A9EC47B2047BA460037C6BE /* FirebasePraticeUITests.xctest */,
			);
			name = Products;
			sourceTree = "<group>";
		};
		7A9EC45E2047BA460037C6BE /* FirebasePratice */ = {
			isa = PBXGroup;
			children = (
				7A9EC49D2047E64F0037C6BE /* ChatMessageCell.swift */,
				7A9EC48F2047C6DE0037C6BE /* FirebaseDataService.swift */,
				7A9EC4912047CABB0037C6BE /* Model.swift */,
				7A9EC45F2047BA460037C6BE /* AppDelegate.swift */,
				7A9EC49B2047E2020037C6BE /* ViewController.swift */,
				7A9EC4992047D63D0037C6BE /* ChatRoomViewController.swift */,
				7A9EC4932047CC320037C6BE /* SignInViewController.swift */,
				7A9EC4952047CE2A0037C6BE /* ChatGroupViewController.swift */,
				7A9EC4972047D5DF0037C6BE /* UserListViewController.swift */,
				7A9EC4632047BA460037C6BE /* Main.storyboard */,
				7A9EC4662047BA460037C6BE /* Assets.xcassets */,
				7A9EC4682047BA460037C6BE /* LaunchScreen.storyboard */,
				7A9EC46B2047BA460037C6BE /* Info.plist */,
				7A9EC48D2047BCB30037C6BE /* GoogleService-Info.plist */,
			);
			path = FirebasePratice;
			sourceTree = "<group>";
		};
/* End PBXGroup section */

/* Begin PBXNativeTarget section */
		7A9EC45B2047BA460037C6BE /* FirebasePratice */ = {
			isa = PBXNativeTarget;
			buildConfigurationList = 7A9EC4842047BA460037C6BE /* Build configuration list for PBXNativeTarget "FirebasePratice" */;
			buildPhases = (
				E4FC81E28068AFC22526A050 /* [CP] Check Pods Manifest.lock */,
				7A9EC4582047BA460037C6BE /* Sources */,
				7A9EC4592047BA460037C6BE /* Frameworks */,
				7A9EC45A2047BA460037C6BE /* Resources */,
				18956EF252A0C0624C7A1959 /* [CP] Embed Pods Frameworks */,
				0C1DB0101B456929D9451D92 /* [CP] Copy Pods Resources */,
			);
			buildRules = (
			);
			dependencies = (
			);
			name = FirebasePratice;
			productName = FirebasePratice;
			productReference = 7A9EC45C2047BA460037C6BE /* FirebasePratice.app */;
			productType = "com.apple.product-type.application";
		};
		7A9EC46F2047BA460037C6BE /* FirebasePraticeTests */ = {
			isa = PBXNativeTarget;
			buildConfigurationList = 7A9EC4872047BA460037C6BE /* Build configuration list for PBXNativeTarget "FirebasePraticeTests" */;
			buildPhases = (
				7A9EC46C2047BA460037C6BE /* Sources */,
				7A9EC46D2047BA460037C6BE /* Frameworks */,
				7A9EC46E2047BA460037C6BE /* Resources */,
			);
			buildRules = (
			);
			dependencies = (
				7A9EC4722047BA460037C6BE /* PBXTargetDependency */,
			);
			name = FirebasePraticeTests;
			productName = FirebasePraticeTests;
			productReference = 7A9EC4702047BA460037C6BE /* FirebasePraticeTests.xctest */;
			productType = "com.apple.product-type.bundle.unit-test";
		};
		7A9EC47A2047BA460037C6BE /* FirebasePraticeUITests */ = {
			isa = PBXNativeTarget;
			buildConfigurationList = 7A9EC48A2047BA460037C6BE /* Build configuration list for PBXNativeTarget "FirebasePraticeUITests" */;
			buildPhases = (
				7A9EC4772047BA460037C6BE /* Sources */,
				7A9EC4782047BA460037C6BE /* Frameworks */,
				7A9EC4792047BA460037C6BE /* Resources */,
			);
			buildRules = (
			);
			dependencies = (
				7A9EC47D2047BA460037C6BE /* PBXTargetDependency */,
			);
			name = FirebasePraticeUITests;
			productName = FirebasePraticeUITests;
			productReference = 7A9EC47B2047BA460037C6BE /* FirebasePraticeUITests.xctest */;
			productType = "com.apple.product-type.bundle.ui-testing";
		};
/* End PBXNativeTarget section */

/* Begin PBXProject section */
		7A9EC4542047BA460037C6BE /* Project object */ = {
			isa = PBXProject;
			attributes = {
				LastSwiftUpdateCheck = 0920;
				LastUpgradeCheck = 0920;
				ORGANIZATIONNAME = mouda;
				TargetAttributes = {
					7A9EC45B2047BA460037C6BE = {
						CreatedOnToolsVersion = 9.2;
						ProvisioningStyle = Automatic;
					};
					7A9EC46F2047BA460037C6BE = {
						CreatedOnToolsVersion = 9.2;
						ProvisioningStyle = Automatic;
						TestTargetID = 7A9EC45B2047BA460037C6BE;
					};
					7A9EC47A2047BA460037C6BE = {
						CreatedOnToolsVersion = 9.2;
						ProvisioningStyle = Automatic;
						TestTargetID = 7A9EC45B2047BA460037C6BE;
					};
				};
			};
			buildConfigurationList = 7A9EC4572047BA460037C6BE /* Build configuration list for PBXProject "FirebasePratice" */;
			compatibilityVersion = "Xcode 8.0";
			developmentRegion = en;
			hasScannedForEncodings = 0;
			knownRegions = (
				en,
				Base,
			);
			mainGroup = 7A9EC4532047BA460037C6BE;
			productRefGroup = 7A9EC45D2047BA460037C6BE /* Products */;
			projectDirPath = "";
			projectRoot = "";
			targets = (
				7A9EC45B2047BA460037C6BE /* FirebasePratice */,
				7A9EC46F2047BA460037C6BE /* FirebasePraticeTests */,
				7A9EC47A2047BA460037C6BE /* FirebasePraticeUITests */,
			);
		};
/* End PBXProject section */

/* Begin PBXResourcesBuildPhase section */
		7A9EC45A2047BA460037C6BE /* Resources */ = {
			isa = PBXResourcesBuildPhase;
			buildActionMask = 2147483647;
			files = (
				7A9EC46A2047BA460037C6BE /* LaunchScreen.storyboard in Resources */,
				7A9EC48E2047BCB30037C6BE /* GoogleService-Info.plist in Resources */,
				7A9EC4672047BA460037C6BE /* Assets.xcassets in Resources */,
				7A9EC4652047BA460037C6BE /* Main.storyboard in Resources */,
			);
			runOnlyForDeploymentPostprocessing = 0;
		};
		7A9EC46E2047BA460037C6BE /* Resources */ = {
			isa = PBXResourcesBuildPhase;
			buildActionMask = 2147483647;
			files = (
			);
			runOnlyForDeploymentPostprocessing = 0;
		};
		7A9EC4792047BA460037C6BE /* Resources */ = {
			isa = PBXResourcesBuildPhase;
			buildActionMask = 2147483647;
			files = (
			);
			runOnlyForDeploymentPostprocessing = 0;
		};
/* End PBXResourcesBuildPhase section */

/* Begin PBXShellScriptBuildPhase section */
		0C1DB0101B456929D9451D92 /* [CP] Copy Pods Resources */ = {
			isa = PBXShellScriptBuildPhase;
			buildActionMask = 2147483647;
			files = (
			);
			inputPaths = (
			);
			name = "[CP] Copy Pods Resources";
			outputPaths = (
			);
			runOnlyForDeploymentPostprocessing = 0;
			shellPath = /bin/sh;
			shellScript = "\"${SRCROOT}/Pods/Target Support Files/Pods-FirebasePratice/Pods-FirebasePratice-resources.sh\"\n";
			showEnvVarsInLog = 0;
		};
		18956EF252A0C0624C7A1959 /* [CP] Embed Pods Frameworks */ = {
			isa = PBXShellScriptBuildPhase;
			buildActionMask = 2147483647;
			files = (
			);
			inputPaths = (
				"${SRCROOT}/Pods/Target Support Files/Pods-FirebasePratice/Pods-FirebasePratice-frameworks.sh",
				"${BUILT_PRODUCTS_DIR}/GTMSessionFetcher/GTMSessionFetcher.framework",
				"${BUILT_PRODUCTS_DIR}/GoogleToolboxForMac/GoogleToolboxForMac.framework",
				"${BUILT_PRODUCTS_DIR}/leveldb-library/leveldb.framework",
				"${BUILT_PRODUCTS_DIR}/nanopb/nanopb.framework",
			);
			name = "[CP] Embed Pods Frameworks";
			outputPaths = (
				"${TARGET_BUILD_DIR}/${FRAMEWORKS_FOLDER_PATH}/GTMSessionFetcher.framework",
				"${TARGET_BUILD_DIR}/${FRAMEWORKS_FOLDER_PATH}/GoogleToolboxForMac.framework",
				"${TARGET_BUILD_DIR}/${FRAMEWORKS_FOLDER_PATH}/leveldb.framework",
				"${TARGET_BUILD_DIR}/${FRAMEWORKS_FOLDER_PATH}/nanopb.framework",
			);
			runOnlyForDeploymentPostprocessing = 0;
			shellPath = /bin/sh;
			shellScript = "\"${SRCROOT}/Pods/Target Support Files/Pods-FirebasePratice/Pods-FirebasePratice-frameworks.sh\"\n";
			showEnvVarsInLog = 0;
		};
		E4FC81E28068AFC22526A050 /* [CP] Check Pods Manifest.lock */ = {
			isa = PBXShellScriptBuildPhase;
			buildActionMask = 2147483647;
			files = (
			);
			inputPaths = (
				"${PODS_PODFILE_DIR_PATH}/Podfile.lock",
				"${PODS_ROOT}/Manifest.lock",
			);
			name = "[CP] Check Pods Manifest.lock";
			outputPaths = (
				"$(DERIVED_FILE_DIR)/Pods-FirebasePratice-checkManifestLockResult.txt",
			);
			runOnlyForDeploymentPostprocessing = 0;
			shellPath = /bin/sh;
			shellScript = "diff \"${PODS_PODFILE_DIR_PATH}/Podfile.lock\" \"${PODS_ROOT}/Manifest.lock\" > /dev/null\nif [ $? != 0 ] ; then\n    # print error to STDERR\n    echo \"error: The sandbox is not in sync with the Podfile.lock. Run 'pod install' or update your CocoaPods installation.\" >&2\n    exit 1\nfi\n# This output is used by Xcode 'outputs' to avoid re-running this script phase.\necho \"SUCCESS\" > \"${SCRIPT_OUTPUT_FILE_0}\"\n";
			showEnvVarsInLog = 0;
		};
/* End PBXShellScriptBuildPhase section */

/* Begin PBXSourcesBuildPhase section */
		7A9EC4582047BA460037C6BE /* Sources */ = {
			isa = PBXSourcesBuildPhase;
			buildActionMask = 2147483647;
			files = (
				7A9EC4982047D5DF0037C6BE /* UserListViewController.swift in Sources */,
				7A9EC4602047BA460037C6BE /* AppDelegate.swift in Sources */,
				7A9EC49A2047D63D0037C6BE /* ChatRoomViewController.swift in Sources */,
				7A9EC4962047CE2A0037C6BE /* ChatGroupViewController.swift in Sources */,
				7A9EC4902047C6DE0037C6BE /* FirebaseDataService.swift in Sources */,
				7A9EC4942047CC320037C6BE /* SignInViewController.swift in Sources */,
				7A9EC49E2047E64F0037C6BE /* ChatMessageCell.swift in Sources */,
				7A9EC49C2047E2020037C6BE /* ViewController.swift in Sources */,
				7A9EC4922047CABB0037C6BE /* Model.swift in Sources */,
			);
			runOnlyForDeploymentPostprocessing = 0;
		};
		7A9EC46C2047BA460037C6BE /* Sources */ = {
			isa = PBXSourcesBuildPhase;
			buildActionMask = 2147483647;
			files = (
			);
			runOnlyForDeploymentPostprocessing = 0;
		};
		7A9EC4772047BA460037C6BE /* Sources */ = {
			isa = PBXSourcesBuildPhase;
			buildActionMask = 2147483647;
			files = (
			);
			runOnlyForDeploymentPostprocessing = 0;
		};
/* End PBXSourcesBuildPhase section */

/* Begin PBXTargetDependency section */
		7A9EC4722047BA460037C6BE /* PBXTargetDependency */ = {
			isa = PBXTargetDependency;
			target = 7A9EC45B2047BA460037C6BE /* FirebasePratice */;
			targetProxy = 7A9EC4712047BA460037C6BE /* PBXContainerItemProxy */;
		};
		7A9EC47D2047BA460037C6BE /* PBXTargetDependency */ = {
			isa = PBXTargetDependency;
			target = 7A9EC45B2047BA460037C6BE /* FirebasePratice */;
			targetProxy = 7A9EC47C2047BA460037C6BE /* PBXContainerItemProxy */;
		};
/* End PBXTargetDependency section */

/* Begin PBXVariantGroup section */
		7A9EC4632047BA460037C6BE /* Main.storyboard */ = {
			isa = PBXVariantGroup;
			children = (
				7A9EC4642047BA460037C6BE /* Base */,
			);
			name = Main.storyboard;
			sourceTree = "<group>";
		};
		7A9EC4682047BA460037C6BE /* LaunchScreen.storyboard */ = {
			isa = PBXVariantGroup;
			children = (
				7A9EC4692047BA460037C6BE /* Base */,
			);
			name = LaunchScreen.storyboard;
			sourceTree = "<group>";
		};
/* End PBXVariantGroup section */

/* Begin XCBuildConfiguration section */
		7A9EC4822047BA460037C6BE /* Debug */ = {
			isa = XCBuildConfiguration;
			buildSettings = {
				ALWAYS_SEARCH_USER_PATHS = NO;
				CLANG_ANALYZER_NONNULL = YES;
				CLANG_ANALYZER_NUMBER_OBJECT_CONVERSION = YES_AGGRESSIVE;
				CLANG_CXX_LANGUAGE_STANDARD = "gnu++14";
				CLANG_CXX_LIBRARY = "libc++";
				CLANG_ENABLE_MODULES = YES;
				CLANG_ENABLE_OBJC_ARC = YES;
				CLANG_WARN_BLOCK_CAPTURE_AUTORELEASING = YES;
				CLANG_WARN_BOOL_CONVERSION = YES;
				CLANG_WARN_COMMA = YES;
				CLANG_WARN_CONSTANT_CONVERSION = YES;
				CLANG_WARN_DIRECT_OBJC_ISA_USAGE = YES_ERROR;
				CLANG_WARN_DOCUMENTATION_COMMENTS = YES;
				CLANG_WARN_EMPTY_BODY = YES;
				CLANG_WARN_ENUM_CONVERSION = YES;
				CLANG_WARN_INFINITE_RECURSION = YES;
				CLANG_WARN_INT_CONVERSION = YES;
				CLANG_WARN_NON_LITERAL_NULL_CONVERSION = YES;
				CLANG_WARN_OBJC_LITERAL_CONVERSION = YES;
				CLANG_WARN_OBJC_ROOT_CLASS = YES_ERROR;
				CLANG_WARN_RANGE_LOOP_ANALYSIS = YES;
				CLANG_WARN_STRICT_PROTOTYPES = YES;
				CLANG_WARN_SUSPICIOUS_MOVE = YES;
				CLANG_WARN_UNGUARDED_AVAILABILITY = YES_AGGRESSIVE;
				CLANG_WARN_UNREACHABLE_CODE = YES;
				CLANG_WARN__DUPLICATE_METHOD_MATCH = YES;
				CODE_SIGN_IDENTITY = "iPhone Developer";
				COPY_PHASE_STRIP = NO;
				DEBUG_INFORMATION_FORMAT = dwarf;
				ENABLE_STRICT_OBJC_MSGSEND = YES;
				ENABLE_TESTABILITY = YES;
				GCC_C_LANGUAGE_STANDARD = gnu11;
				GCC_DYNAMIC_NO_PIC = NO;
				GCC_NO_COMMON_BLOCKS = YES;
				GCC_OPTIMIZATION_LEVEL = 0;
				GCC_PREPROCESSOR_DEFINITIONS = (
					"DEBUG=1",
					"$(inherited)",
				);
				GCC_WARN_64_TO_32_BIT_CONVERSION = YES;
				GCC_WARN_ABOUT_RETURN_TYPE = YES_ERROR;
				GCC_WARN_UNDECLARED_SELECTOR = YES;
				GCC_WARN_UNINITIALIZED_AUTOS = YES_AGGRESSIVE;
				GCC_WARN_UNUSED_FUNCTION = YES;
				GCC_WARN_UNUSED_VARIABLE = YES;
				IPHONEOS_DEPLOYMENT_TARGET = 11.2;
				MTL_ENABLE_DEBUG_INFO = YES;
				ONLY_ACTIVE_ARCH = YES;
				SDKROOT = iphoneos;
				SWIFT_ACTIVE_COMPILATION_CONDITIONS = DEBUG;
				SWIFT_OPTIMIZATION_LEVEL = "-Onone";
			};
			name = Debug;
		};
		7A9EC4832047BA460037C6BE /* Release */ = {
			isa = XCBuildConfiguration;
			buildSettings = {
				ALWAYS_SEARCH_USER_PATHS = NO;
				CLANG_ANALYZER_NONNULL = YES;
				CLANG_ANALYZER_NUMBER_OBJECT_CONVERSION = YES_AGGRESSIVE;
				CLANG_CXX_LANGUAGE_STANDARD = "gnu++14";
				CLANG_CXX_LIBRARY = "libc++";
				CLANG_ENABLE_MODULES = YES;
				CLANG_ENABLE_OBJC_ARC = YES;
				CLANG_WARN_BLOCK_CAPTURE_AUTORELEASING = YES;
				CLANG_WARN_BOOL_CONVERSION = YES;
				CLANG_WARN_COMMA = YES;
				CLANG_WARN_CONSTANT_CONVERSION = YES;
				CLANG_WARN_DIRECT_OBJC_ISA_USAGE = YES_ERROR;
				CLANG_WARN_DOCUMENTATION_COMMENTS = YES;
				CLANG_WARN_EMPTY_BODY = YES;
				CLANG_WARN_ENUM_CONVERSION = YES;
				CLANG_WARN_INFINITE_RECURSION = YES;
				CLANG_WARN_INT_CONVERSION = YES;
				CLANG_WARN_NON_LITERAL_NULL_CONVERSION = YES;
				CLANG_WARN_OBJC_LITERAL_CONVERSION = YES;
				CLANG_WARN_OBJC_ROOT_CLASS = YES_ERROR;
				CLANG_WARN_RANGE_LOOP_ANALYSIS = YES;
				CLANG_WARN_STRICT_PROTOTYPES = YES;
				CLANG_WARN_SUSPICIOUS_MOVE = YES;
				CLANG_WARN_UNGUARDED_AVAILABILITY = YES_AGGRESSIVE;
				CLANG_WARN_UNREACHABLE_CODE = YES;
				CLANG_WARN__DUPLICATE_METHOD_MATCH = YES;
				CODE_SIGN_IDENTITY = "iPhone Developer";
				COPY_PHASE_STRIP = NO;
				DEBUG_INFORMATION_FORMAT = "dwarf-with-dsym";
				ENABLE_NS_ASSERTIONS = NO;
				ENABLE_STRICT_OBJC_MSGSEND = YES;
				GCC_C_LANGUAGE_STANDARD = gnu11;
				GCC_NO_COMMON_BLOCKS = YES;
				GCC_WARN_64_TO_32_BIT_CONVERSION = YES;
				GCC_WARN_ABOUT_RETURN_TYPE = YES_ERROR;
				GCC_WARN_UNDECLARED_SELECTOR = YES;
				GCC_WARN_UNINITIALIZED_AUTOS = YES_AGGRESSIVE;
				GCC_WARN_UNUSED_FUNCTION = YES;
				GCC_WARN_UNUSED_VARIABLE = YES;
				IPHONEOS_DEPLOYMENT_TARGET = 11.2;
				MTL_ENABLE_DEBUG_INFO = NO;
				SDKROOT = iphoneos;
				SWIFT_OPTIMIZATION_LEVEL = "-Owholemodule";
				VALIDATE_PRODUCT = YES;
			};
			name = Release;
		};
		7A9EC4852047BA460037C6BE /* Debug */ = {
			isa = XCBuildConfiguration;
			baseConfigurationReference = D339D1261278E850E357C5DA /* Pods-FirebasePratice.debug.xcconfig */;
			buildSettings = {
				ASSETCATALOG_COMPILER_APPICON_NAME = AppIcon;
				CODE_SIGN_STYLE = Automatic;
				DEVELOPMENT_TEAM = 3ZLXC439TG;
				INFOPLIST_FILE = FirebasePratice/Info.plist;
				LD_RUNPATH_SEARCH_PATHS = "$(inherited) @executable_path/Frameworks";
				PRODUCT_BUNDLE_IDENTIFIER = com.mouda.FirebasePratice;
				PRODUCT_NAME = "$(TARGET_NAME)";
				SWIFT_VERSION = 4.0;
				TARGETED_DEVICE_FAMILY = "1,2";
			};
			name = Debug;
		};
		7A9EC4862047BA460037C6BE /* Release */ = {
			isa = XCBuildConfiguration;
			baseConfigurationReference = CD8A7C1F7078068B4898F31D /* Pods-FirebasePratice.release.xcconfig */;
			buildSettings = {
				ASSETCATALOG_COMPILER_APPICON_NAME = AppIcon;
				CODE_SIGN_STYLE = Automatic;
				DEVELOPMENT_TEAM = 3ZLXC439TG;
				INFOPLIST_FILE = FirebasePratice/Info.plist;
				LD_RUNPATH_SEARCH_PATHS = "$(inherited) @executable_path/Frameworks";
				PRODUCT_BUNDLE_IDENTIFIER = com.mouda.FirebasePratice;
				PRODUCT_NAME = "$(TARGET_NAME)";
				SWIFT_VERSION = 4.0;
				TARGETED_DEVICE_FAMILY = "1,2";
			};
			name = Release;
		};
		7A9EC4882047BA460037C6BE /* Debug */ = {
			isa = XCBuildConfiguration;
			buildSettings = {
				ALWAYS_EMBED_SWIFT_STANDARD_LIBRARIES = YES;
				BUNDLE_LOADER = "$(TEST_HOST)";
				CODE_SIGN_STYLE = Automatic;
				DEVELOPMENT_TEAM = 3ZLXC439TG;
				INFOPLIST_FILE = FirebasePraticeTests/Info.plist;
				LD_RUNPATH_SEARCH_PATHS = "$(inherited) @executable_path/Frameworks @loader_path/Frameworks";
				PRODUCT_BUNDLE_IDENTIFIER = com.mouda.FirebasePraticeTests;
				PRODUCT_NAME = "$(TARGET_NAME)";
				SWIFT_VERSION = 4.0;
				TARGETED_DEVICE_FAMILY = "1,2";
				TEST_HOST = "$(BUILT_PRODUCTS_DIR)/FirebasePratice.app/FirebasePratice";
			};
			name = Debug;
		};
		7A9EC4892047BA460037C6BE /* Release */ = {
			isa = XCBuildConfiguration;
			buildSettings = {
				ALWAYS_EMBED_SWIFT_STANDARD_LIBRARIES = YES;
				BUNDLE_LOADER = "$(TEST_HOST)";
				CODE_SIGN_STYLE = Automatic;
				DEVELOPMENT_TEAM = 3ZLXC439TG;
				INFOPLIST_FILE = FirebasePraticeTests/Info.plist;
				LD_RUNPATH_SEARCH_PATHS = "$(inherited) @executable_path/Frameworks @loader_path/Frameworks";
				PRODUCT_BUNDLE_IDENTIFIER = com.mouda.FirebasePraticeTests;
				PRODUCT_NAME = "$(TARGET_NAME)";
				SWIFT_VERSION = 4.0;
				TARGETED_DEVICE_FAMILY = "1,2";
				TEST_HOST = "$(BUILT_PRODUCTS_DIR)/FirebasePratice.app/FirebasePratice";
			};
			name = Release;
		};
		7A9EC48B2047BA460037C6BE /* Debug */ = {
			isa = XCBuildConfiguration;
			buildSettings = {
				ALWAYS_EMBED_SWIFT_STANDARD_LIBRARIES = YES;
				CODE_SIGN_STYLE = Automatic;
				DEVELOPMENT_TEAM = 3ZLXC439TG;
				INFOPLIST_FILE = FirebasePraticeUITests/Info.plist;
				LD_RUNPATH_SEARCH_PATHS = "$(inherited) @executable_path/Frameworks @loader_path/Frameworks";
				PRODUCT_BUNDLE_IDENTIFIER = com.mouda.FirebasePraticeUITests;
				PRODUCT_NAME = "$(TARGET_NAME)";
				SWIFT_VERSION = 4.0;
				TARGETED_DEVICE_FAMILY = "1,2";
				TEST_TARGET_NAME = FirebasePratice;
			};
			name = Debug;
		};
		7A9EC48C2047BA460037C6BE /* Release */ = {
			isa = XCBuildConfiguration;
			buildSettings = {
				ALWAYS_EMBED_SWIFT_STANDARD_LIBRARIES = YES;
				CODE_SIGN_STYLE = Automatic;
				DEVELOPMENT_TEAM = 3ZLXC439TG;
				INFOPLIST_FILE = FirebasePraticeUITests/Info.plist;
				LD_RUNPATH_SEARCH_PATHS = "$(inherited) @executable_path/Frameworks @loader_path/Frameworks";
				PRODUCT_BUNDLE_IDENTIFIER = com.mouda.FirebasePraticeUITests;
				PRODUCT_NAME = "$(TARGET_NAME)";
				SWIFT_VERSION = 4.0;
				TARGETED_DEVICE_FAMILY = "1,2";
				TEST_TARGET_NAME = FirebasePratice;
			};
			name = Release;
		};
/* End XCBuildConfiguration section */

/* Begin XCConfigurationList section */
		7A9EC4572047BA460037C6BE /* Build configuration list for PBXProject "FirebasePratice" */ = {
			isa = XCConfigurationList;
			buildConfigurations = (
				7A9EC4822047BA460037C6BE /* Debug */,
				7A9EC4832047BA460037C6BE /* Release */,
			);
			defaultConfigurationIsVisible = 0;
			defaultConfigurationName = Release;
		};
		7A9EC4842047BA460037C6BE /* Build configuration list for PBXNativeTarget "FirebasePratice" */ = {
			isa = XCConfigurationList;
			buildConfigurations = (
				7A9EC4852047BA460037C6BE /* Debug */,
				7A9EC4862047BA460037C6BE /* Release */,
			);
			defaultConfigurationIsVisible = 0;
			defaultConfigurationName = Release;
		};
		7A9EC4872047BA460037C6BE /* Build configuration list for PBXNativeTarget "FirebasePraticeTests" */ = {
			isa = XCConfigurationList;
			buildConfigurations = (
				7A9EC4882047BA460037C6BE /* Debug */,
				7A9EC4892047BA460037C6BE /* Release */,
			);
			defaultConfigurationIsVisible = 0;
			defaultConfigurationName = Release;
		};
		7A9EC48A2047BA460037C6BE /* Build configuration list for PBXNativeTarget "FirebasePraticeUITests" */ = {
			isa = XCConfigurationList;
			buildConfigurations = (
				7A9EC48B2047BA460037C6BE /* Debug */,
				7A9EC48C2047BA460037C6BE /* Release */,
			);
			defaultConfigurationIsVisible = 0;
			defaultConfigurationName = Release;
		};
/* End XCConfigurationList section */
	};
	rootObject = 7A9EC4542047BA460037C6BE /* Project object */;
}
